
Microsoft Visual Studio Solution File, Format Version 12.00
# Visual Studio Version 17
VisualStudioVersion = 17.7.34031.279
MinimumVisualStudioVersion = 10.0.40219.1
Project("{9A19103F-16F7-4668-BE54-9A1E7A4F7556}") = "GameEngineApp", "GameEngineApp\GameEngineApp.csproj", "{C1007004-9CFF-4D9C-8230-411AEEE90DD7}"
EndProject
Project("{9A19103F-16F7-4668-BE54-9A1E7A4F7556}") = "EngineTest", "EngineTest\EngineTest.csproj", "{69DD85A4-08B9-403B-8D4E-051F027B6C71}"
EndProject
Project("{9A19103F-16F7-4668-BE54-9A1E7A4F7556}") = "Algo", "Algorithms\Algo.csproj", "{38B5693B-E14B-49EE-B1EA-F7CE2C5FF587}"
EndProject
Global
	GlobalSection(SolutionConfigurationPlatforms) = preSolution
		Debug|Any CPU = Debug|Any CPU
		Release|Any CPU = Release|Any CPU
	EndGlobalSection
	GlobalSection(ProjectConfigurationPlatforms) = postSolution
		{C1007004-9CFF-4D9C-8230-411AEEE90DD7}.Debug|Any CPU.ActiveCfg = Debug|Any CPU
		{C1007004-9CFF-4D9C-8230-411AEEE90DD7}.Debug|Any CPU.Build.0 = Debug|Any CPU
		{C1007004-9CFF-4D9C-8230-411AEEE90DD7}.Release|Any CPU.ActiveCfg = Release|Any CPU
		{C1007004-9CFF-4D9C-8230-411AEEE90DD7}.Release|Any CPU.Build.0 = Release|Any CPU
		{69DD85A4-08B9-403B-8D4E-051F027B6C71}.Debug|Any CPU.ActiveCfg = Debug|Any CPU
		{69DD85A4-08B9-403B-8D4E-051F027B6C71}.Debug|Any CPU.Build.0 = Debug|Any CPU
		{69DD85A4-08B9-403B-8D4E-051F027B6C71}.Release|Any CPU.ActiveCfg = Release|Any CPU
		{69DD85A4-08B9-403B-8D4E-051F027B6C71}.Release|Any CPU.Build.0 = Release|Any CPU
		{38B5693B-E14B-49EE-B1EA-F7CE2C5FF587}.Debug|Any CPU.ActiveCfg = Debug|Any CPU
		{38B5693B-E14B-49EE-B1EA-F7CE2C5FF587}.Debug|Any CPU.Build.0 = Debug|Any CPU
		{38B5693B-E14B-49EE-B1EA-F7CE2C5FF587}.Release|Any CPU.ActiveCfg = Release|Any CPU
		{38B5693B-E14B-49EE-B1EA-F7CE2C5FF587}.Release|Any CPU.Build.0 = Release|Any CPU
	EndGlobalSection
	GlobalSection(SolutionProperties) = preSolution
		HideSolutionNode = FALSE
	EndGlobalSection
	GlobalSection(ExtensibilityGlobals) = postSolution
		SolutionGuid = {4DC5C809-9627-4A04-837B-587551FEE0E1}
	EndGlobalSection
EndGlobal
